// !$*UTF8*$!
{
	archiveVersion = 1;
	classes = {
	};
	objectVersion = 48;
	objects = {

/* Begin PBXBuildFile section */
		D416445123336A853B2B5113 /* libPods-LearnToPray.a in Frameworks */ = {isa = PBXBuildFile; fileRef = 837E30E05137A9AB63AF3BE2 /* libPods-LearnToPray.a */; };
		F407BAA6205E429C009BDF65 /* Details+CoreDataClass.swift in Sources */ = {isa = PBXBuildFile; fileRef = F407BAA4205E429C009BDF65 /* Details+CoreDataClass.swift */; };
		F407BAA7205E429C009BDF65 /* Details+CoreDataProperties.swift in Sources */ = {isa = PBXBuildFile; fileRef = F407BAA5205E429C009BDF65 /* Details+CoreDataProperties.swift */; };
		F407BAAB2060DDBB009BDF65 /* NextButton.swift in Sources */ = {isa = PBXBuildFile; fileRef = F407BAAA2060DDBB009BDF65 /* NextButton.swift */; };
		F407BAAD206B7FC8009BDF65 /* PrayerTableViewCell.swift in Sources */ = {isa = PBXBuildFile; fileRef = F407BAAC206B7FC8009BDF65 /* PrayerTableViewCell.swift */; };
		F408DB431FDDF70300C93434 /* GuidedPrayersViewController.swift in Sources */ = {isa = PBXBuildFile; fileRef = F408DB421FDDF70300C93434 /* GuidedPrayersViewController.swift */; };
		F408DB451FDDF93200C93434 /* PrayerDetailsHeaderTableViewCell.swift in Sources */ = {isa = PBXBuildFile; fileRef = F408DB441FDDF93200C93434 /* PrayerDetailsHeaderTableViewCell.swift */; };
		F408DB4D1FDE68DA00C93434 /* PrayerDetailsViewController.swift in Sources */ = {isa = PBXBuildFile; fileRef = F408DB4C1FDE68DA00C93434 /* PrayerDetailsViewController.swift */; };
		F437381C2005E13F0067F1F7 /* LabelExtensions.swift in Sources */ = {isa = PBXBuildFile; fileRef = F437381B2005E13F0067F1F7 /* LabelExtensions.swift */; };
		F43ED5F11FB5719F008E6078 /* AppDelegate.swift in Sources */ = {isa = PBXBuildFile; fileRef = F43ED5F01FB5719F008E6078 /* AppDelegate.swift */; };
		F43ED5F31FB5719F008E6078 /* PrayersListContainerViewController.swift in Sources */ = {isa = PBXBuildFile; fileRef = F43ED5F21FB5719F008E6078 /* PrayersListContainerViewController.swift */; };
		F43ED5F61FB5719F008E6078 /* Main.storyboard in Resources */ = {isa = PBXBuildFile; fileRef = F43ED5F41FB5719F008E6078 /* Main.storyboard */; };
		F43ED5F81FB5719F008E6078 /* Assets.xcassets in Resources */ = {isa = PBXBuildFile; fileRef = F43ED5F71FB5719F008E6078 /* Assets.xcassets */; };
		F43ED6061FB5719F008E6078 /* LearnToPrayTests.swift in Sources */ = {isa = PBXBuildFile; fileRef = F43ED6051FB5719F008E6078 /* LearnToPrayTests.swift */; };
		F43ED6111FB5719F008E6078 /* LearnToPrayUITests.swift in Sources */ = {isa = PBXBuildFile; fileRef = F43ED6101FB5719F008E6078 /* LearnToPrayUITests.swift */; };
		F43ED6201FB57234008E6078 /* CoreDataModel.xcdatamodeld in Sources */ = {isa = PBXBuildFile; fileRef = F43ED61E1FB57234008E6078 /* CoreDataModel.xcdatamodeld */; };
		F451FD0D1FFF561700540B31 /* PrayerTimeViewController.xib in Resources */ = {isa = PBXBuildFile; fileRef = F451FD0C1FFF561700540B31 /* PrayerTimeViewController.xib */; };
		F4541222205661A500A305F5 /* UIStackView+Styling.swift in Sources */ = {isa = PBXBuildFile; fileRef = F4541221205661A500A305F5 /* UIStackView+Styling.swift */; };
		F45D74BA20244B6E00A9C9CD /* DonationViewController.swift in Sources */ = {isa = PBXBuildFile; fileRef = F45D74B820244B6E00A9C9CD /* DonationViewController.swift */; };
		F45D74BB20244B6E00A9C9CD /* DonationViewController.xib in Resources */ = {isa = PBXBuildFile; fileRef = F45D74B920244B6E00A9C9CD /* DonationViewController.xib */; };
		F45D74BE202AC78400A9C9CD /* ApplePaySetUp.swift in Sources */ = {isa = PBXBuildFile; fileRef = F45D74BD202AC78400A9C9CD /* ApplePaySetUp.swift */; };
		F45D74C5202C324800A9C9CD /* KeyboardLayoutConstraint.swift in Sources */ = {isa = PBXBuildFile; fileRef = F45D74C4202C324700A9C9CD /* KeyboardLayoutConstraint.swift */; };
		F46A3ACF20369E5400616BAF /* UIButtonExtensions.swift in Sources */ = {isa = PBXBuildFile; fileRef = F46A3ACE20369E5400616BAF /* UIButtonExtensions.swift */; };
		F46A3AD32036C5FB00616BAF /* HomeViewController.xib in Resources */ = {isa = PBXBuildFile; fileRef = F46A3AD22036C5FB00616BAF /* HomeViewController.xib */; };
		F46A3AD52036D0F800616BAF /* HomeViewController.swift in Sources */ = {isa = PBXBuildFile; fileRef = F46A3AD42036D0F800616BAF /* HomeViewController.swift */; };
		F46A3ADA203BE46800616BAF /* TimePickerViewController.swift in Sources */ = {isa = PBXBuildFile; fileRef = F46A3AD8203BE46800616BAF /* TimePickerViewController.swift */; };
		F46A3ADB203BE46800616BAF /* TimePickerViewController.xib in Resources */ = {isa = PBXBuildFile; fileRef = F46A3AD9203BE46800616BAF /* TimePickerViewController.xib */; };
		F485D11A20146BB200304DBE /* PrayerTimer.swift in Sources */ = {isa = PBXBuildFile; fileRef = F485D11920146BB200304DBE /* PrayerTimer.swift */; };
		F48FB6B91FD67C3E009318F9 /* DetailsContainerViewController.swift in Sources */ = {isa = PBXBuildFile; fileRef = F48FB6B81FD67C3E009318F9 /* DetailsContainerViewController.swift */; };
		F49068AE206F4F9800DCF408 /* Progress.swift in Sources */ = {isa = PBXBuildFile; fileRef = F49068AD206F4F9800DCF408 /* Progress.swift */; };
		F4A8FDC11FDE8A170058DF97 /* Category+CoreDataClass.swift in Sources */ = {isa = PBXBuildFile; fileRef = F4A8FDBB1FDE8A170058DF97 /* Category+CoreDataClass.swift */; };
		F4A8FDC21FDE8A170058DF97 /* Category+CoreDataProperties.swift in Sources */ = {isa = PBXBuildFile; fileRef = F4A8FDBC1FDE8A170058DF97 /* Category+CoreDataProperties.swift */; };
		F4A8FDC31FDE8A170058DF97 /* Prayer+CoreDataClass.swift in Sources */ = {isa = PBXBuildFile; fileRef = F4A8FDBD1FDE8A170058DF97 /* Prayer+CoreDataClass.swift */; };
		F4A8FDC41FDE8A170058DF97 /* Prayer+CoreDataProperties.swift in Sources */ = {isa = PBXBuildFile; fileRef = F4A8FDBE1FDE8A170058DF97 /* Prayer+CoreDataProperties.swift */; };
		F4A8FDC61FDF93E20058DF97 /* UserDefaultsManager.swift in Sources */ = {isa = PBXBuildFile; fileRef = F4A8FDC51FDF93E20058DF97 /* UserDefaultsManager.swift */; };
		F4A8FDC81FE0F81A0058DF97 /* PrayerList.json in Resources */ = {isa = PBXBuildFile; fileRef = F4A8FDC71FE0F81A0058DF97 /* PrayerList.json */; };
		F4C51EAD1FE39995007F2195 /* PrayerDetailsTableViewCell.swift in Sources */ = {isa = PBXBuildFile; fileRef = F4C51EAC1FE39995007F2195 /* PrayerDetailsTableViewCell.swift */; };
		F4C51EAF1FE4F833007F2195 /* JoshuaProjectClient.swift in Sources */ = {isa = PBXBuildFile; fileRef = F4C51EAE1FE4F833007F2195 /* JoshuaProjectClient.swift */; };
		F4C51EB31FE50957007F2195 /* Constants.swift in Sources */ = {isa = PBXBuildFile; fileRef = F4C51EB21FE50957007F2195 /* Constants.swift */; };
		F4C51EB51FE512D1007F2195 /* APIKey.plist in Resources */ = {isa = PBXBuildFile; fileRef = F4C51EB41FE512D1007F2195 /* APIKey.plist */; };
		F4C51EB71FE63281007F2195 /* DateFunctions.swift in Sources */ = {isa = PBXBuildFile; fileRef = F4C51EB61FE63281007F2195 /* DateFunctions.swift */; };
		F4C51EB91FE78D6B007F2195 /* JoshuaProjectsConvenienceFunctions.swift in Sources */ = {isa = PBXBuildFile; fileRef = F4C51EB81FE78D6B007F2195 /* JoshuaProjectsConvenienceFunctions.swift */; };
		F4C51EBB1FEB491D007F2195 /* PeopleGroupsViewController.swift in Sources */ = {isa = PBXBuildFile; fileRef = F4C51EBA1FEB491D007F2195 /* PeopleGroupsViewController.swift */; };
		F4C51EBF1FF06734007F2195 /* PrayerTimeViewController.swift in Sources */ = {isa = PBXBuildFile; fileRef = F4C51EBD1FF06734007F2195 /* PrayerTimeViewController.swift */; };
		F4C51EC21FF0A9D7007F2195 /* LaunchScreen.storyboard in Resources */ = {isa = PBXBuildFile; fileRef = F4C51EC11FF0A9D7007F2195 /* LaunchScreen.storyboard */; };
		F4D3D4A21FCBBCB60035F860 /* CoreDataStack.swift in Sources */ = {isa = PBXBuildFile; fileRef = F4D3D4A11FCBBCB60035F860 /* CoreDataStack.swift */; };
		F4D3D4A51FCBD1DD0035F860 /* CoreDataViewController.swift in Sources */ = {isa = PBXBuildFile; fileRef = F4D3D4A41FCBD1DD0035F860 /* CoreDataViewController.swift */; };
		F4D3D4A71FCBD57D0035F860 /* JSONPrayerList.swift in Sources */ = {isa = PBXBuildFile; fileRef = F4D3D4A61FCBD57D0035F860 /* JSONPrayerList.swift */; };
		F4D3D4AB1FD1201D0035F860 /* PrayerData.swift in Sources */ = {isa = PBXBuildFile; fileRef = F4D3D4AA1FD1201D0035F860 /* PrayerData.swift */; };
		F4E716A72032CA930066A20A /* StripeClient.swift in Sources */ = {isa = PBXBuildFile; fileRef = F4E716A62032CA930066A20A /* StripeClient.swift */; };
		F4F27A3120451BB80043CF3C /* UIView+Designable.swift in Sources */ = {isa = PBXBuildFile; fileRef = F4F27A3020451BB80043CF3C /* UIView+Designable.swift */; };
		F4F27A35204690890043CF3C /* SectionTableViewCell.swift in Sources */ = {isa = PBXBuildFile; fileRef = F4F27A34204690890043CF3C /* SectionTableViewCell.swift */; };
		F4F27A392046AF0F0043CF3C /* PrayerNavigationController.swift in Sources */ = {isa = PBXBuildFile; fileRef = F4F27A382046AF0F0043CF3C /* PrayerNavigationController.swift */; };
		F4F27A3B2047C3600043CF3C /* PaddedLabel.swift in Sources */ = {isa = PBXBuildFile; fileRef = F4F27A3A2047C3600043CF3C /* PaddedLabel.swift */; };
		F4F718EE2075D03D00099078 /* Audio.swift in Sources */ = {isa = PBXBuildFile; fileRef = F4F718ED2075D03D00099078 /* Audio.swift */; };
		F4F718F02075D0E100099078 /* chimes.wav in Resources */ = {isa = PBXBuildFile; fileRef = F4F718EF2075D0E000099078 /* chimes.wav */; };
		F4F718F3207B199C00099078 /* AboutViewController.swift in Sources */ = {isa = PBXBuildFile; fileRef = F4F718F1207B199C00099078 /* AboutViewController.swift */; };
		F4F718F4207B199C00099078 /* AboutViewController.xib in Resources */ = {isa = PBXBuildFile; fileRef = F4F718F2207B199C00099078 /* AboutViewController.xib */; };
/* End PBXBuildFile section */

/* Begin PBXContainerItemProxy section */
		F43ED6021FB5719F008E6078 /* PBXContainerItemProxy */ = {
			isa = PBXContainerItemProxy;
			containerPortal = F43ED5E51FB5719F008E6078 /* Project object */;
			proxyType = 1;
			remoteGlobalIDString = F43ED5EC1FB5719F008E6078;
			remoteInfo = LearnToPray;
		};
		F43ED60D1FB5719F008E6078 /* PBXContainerItemProxy */ = {
			isa = PBXContainerItemProxy;
			containerPortal = F43ED5E51FB5719F008E6078 /* Project object */;
			proxyType = 1;
			remoteGlobalIDString = F43ED5EC1FB5719F008E6078;
			remoteInfo = LearnToPray;
		};
/* End PBXContainerItemProxy section */

/* Begin PBXFileReference section */
		1232BCA1A7408CF9AA58B349 /* Pods-LearnToPray.release.xcconfig */ = {isa = PBXFileReference; includeInIndex = 1; lastKnownFileType = text.xcconfig; name = "Pods-LearnToPray.release.xcconfig"; path = "Pods/Target Support Files/Pods-LearnToPray/Pods-LearnToPray.release.xcconfig"; sourceTree = "<group>"; };
		837E30E05137A9AB63AF3BE2 /* libPods-LearnToPray.a */ = {isa = PBXFileReference; explicitFileType = archive.ar; includeInIndex = 0; path = "libPods-LearnToPray.a"; sourceTree = BUILT_PRODUCTS_DIR; };
		D2269D9722178C2077145CEF /* Pods-LearnToPray.debug.xcconfig */ = {isa = PBXFileReference; includeInIndex = 1; lastKnownFileType = text.xcconfig; name = "Pods-LearnToPray.debug.xcconfig"; path = "Pods/Target Support Files/Pods-LearnToPray/Pods-LearnToPray.debug.xcconfig"; sourceTree = "<group>"; };
		F407BAA4205E429C009BDF65 /* Details+CoreDataClass.swift */ = {isa = PBXFileReference; lastKnownFileType = sourcecode.swift; path = "Details+CoreDataClass.swift"; sourceTree = "<group>"; };
		F407BAA5205E429C009BDF65 /* Details+CoreDataProperties.swift */ = {isa = PBXFileReference; lastKnownFileType = sourcecode.swift; path = "Details+CoreDataProperties.swift"; sourceTree = "<group>"; };
		F407BAAA2060DDBB009BDF65 /* NextButton.swift */ = {isa = PBXFileReference; lastKnownFileType = sourcecode.swift; path = NextButton.swift; sourceTree = "<group>"; };
		F407BAAC206B7FC8009BDF65 /* PrayerTableViewCell.swift */ = {isa = PBXFileReference; lastKnownFileType = sourcecode.swift; path = PrayerTableViewCell.swift; sourceTree = "<group>"; };
		F408DB421FDDF70300C93434 /* GuidedPrayersViewController.swift */ = {isa = PBXFileReference; lastKnownFileType = sourcecode.swift; path = GuidedPrayersViewController.swift; sourceTree = "<group>"; };
		F408DB441FDDF93200C93434 /* PrayerDetailsHeaderTableViewCell.swift */ = {isa = PBXFileReference; lastKnownFileType = sourcecode.swift; path = PrayerDetailsHeaderTableViewCell.swift; sourceTree = "<group>"; };
		F408DB4C1FDE68DA00C93434 /* PrayerDetailsViewController.swift */ = {isa = PBXFileReference; lastKnownFileType = sourcecode.swift; path = PrayerDetailsViewController.swift; sourceTree = "<group>"; };
		F437381B2005E13F0067F1F7 /* LabelExtensions.swift */ = {isa = PBXFileReference; lastKnownFileType = sourcecode.swift; path = LabelExtensions.swift; sourceTree = "<group>"; };
		F43ED5ED1FB5719F008E6078 /* LearnToPray.app */ = {isa = PBXFileReference; explicitFileType = wrapper.application; includeInIndex = 0; path = LearnToPray.app; sourceTree = BUILT_PRODUCTS_DIR; };
		F43ED5F01FB5719F008E6078 /* AppDelegate.swift */ = {isa = PBXFileReference; lastKnownFileType = sourcecode.swift; path = AppDelegate.swift; sourceTree = "<group>"; };
		F43ED5F21FB5719F008E6078 /* PrayersListContainerViewController.swift */ = {isa = PBXFileReference; lastKnownFileType = sourcecode.swift; path = PrayersListContainerViewController.swift; sourceTree = "<group>"; };
		F43ED5F51FB5719F008E6078 /* Base */ = {isa = PBXFileReference; lastKnownFileType = file.storyboard; name = Base; path = Base.lproj/Main.storyboard; sourceTree = "<group>"; };
		F43ED5F71FB5719F008E6078 /* Assets.xcassets */ = {isa = PBXFileReference; lastKnownFileType = folder.assetcatalog; path = Assets.xcassets; sourceTree = "<group>"; };
		F43ED5FC1FB5719F008E6078 /* Info.plist */ = {isa = PBXFileReference; lastKnownFileType = text.plist.xml; path = Info.plist; sourceTree = "<group>"; };
		F43ED6011FB5719F008E6078 /* LearnToPrayTests.xctest */ = {isa = PBXFileReference; explicitFileType = wrapper.cfbundle; includeInIndex = 0; path = LearnToPrayTests.xctest; sourceTree = BUILT_PRODUCTS_DIR; };
		F43ED6051FB5719F008E6078 /* LearnToPrayTests.swift */ = {isa = PBXFileReference; lastKnownFileType = sourcecode.swift; path = LearnToPrayTests.swift; sourceTree = "<group>"; };
		F43ED6071FB5719F008E6078 /* Info.plist */ = {isa = PBXFileReference; lastKnownFileType = text.plist.xml; path = Info.plist; sourceTree = "<group>"; };
		F43ED60C1FB5719F008E6078 /* LearnToPrayUITests.xctest */ = {isa = PBXFileReference; explicitFileType = wrapper.cfbundle; includeInIndex = 0; path = LearnToPrayUITests.xctest; sourceTree = BUILT_PRODUCTS_DIR; };
		F43ED6101FB5719F008E6078 /* LearnToPrayUITests.swift */ = {isa = PBXFileReference; lastKnownFileType = sourcecode.swift; path = LearnToPrayUITests.swift; sourceTree = "<group>"; };
		F43ED6121FB5719F008E6078 /* Info.plist */ = {isa = PBXFileReference; lastKnownFileType = text.plist.xml; path = Info.plist; sourceTree = "<group>"; };
		F43ED61F1FB57234008E6078 /* CoreDataModel.xcdatamodel */ = {isa = PBXFileReference; lastKnownFileType = wrapper.xcdatamodel; path = CoreDataModel.xcdatamodel; sourceTree = "<group>"; };
		F451FD0C1FFF561700540B31 /* PrayerTimeViewController.xib */ = {isa = PBXFileReference; lastKnownFileType = file.xib; path = PrayerTimeViewController.xib; sourceTree = "<group>"; };
		F4541221205661A500A305F5 /* UIStackView+Styling.swift */ = {isa = PBXFileReference; lastKnownFileType = sourcecode.swift; path = "UIStackView+Styling.swift"; sourceTree = "<group>"; };
		F4541223205E153F00A305F5 /* CoreDataModel 2.xcdatamodel */ = {isa = PBXFileReference; lastKnownFileType = wrapper.xcdatamodel; path = "CoreDataModel 2.xcdatamodel"; sourceTree = "<group>"; };
		F45D74B820244B6E00A9C9CD /* DonationViewController.swift */ = {isa = PBXFileReference; lastKnownFileType = sourcecode.swift; path = DonationViewController.swift; sourceTree = "<group>"; };
		F45D74B920244B6E00A9C9CD /* DonationViewController.xib */ = {isa = PBXFileReference; lastKnownFileType = file.xib; path = DonationViewController.xib; sourceTree = "<group>"; };
		F45D74BD202AC78400A9C9CD /* ApplePaySetUp.swift */ = {isa = PBXFileReference; lastKnownFileType = sourcecode.swift; path = ApplePaySetUp.swift; sourceTree = "<group>"; };
		F45D74C4202C324700A9C9CD /* KeyboardLayoutConstraint.swift */ = {isa = PBXFileReference; lastKnownFileType = sourcecode.swift; path = KeyboardLayoutConstraint.swift; sourceTree = "<group>"; };
		F46A3ACE20369E5400616BAF /* UIButtonExtensions.swift */ = {isa = PBXFileReference; lastKnownFileType = sourcecode.swift; path = UIButtonExtensions.swift; sourceTree = "<group>"; };
		F46A3AD22036C5FB00616BAF /* HomeViewController.xib */ = {isa = PBXFileReference; lastKnownFileType = file.xib; path = HomeViewController.xib; sourceTree = "<group>"; };
		F46A3AD42036D0F800616BAF /* HomeViewController.swift */ = {isa = PBXFileReference; lastKnownFileType = sourcecode.swift; path = HomeViewController.swift; sourceTree = "<group>"; };
		F46A3AD8203BE46800616BAF /* TimePickerViewController.swift */ = {isa = PBXFileReference; lastKnownFileType = sourcecode.swift; path = TimePickerViewController.swift; sourceTree = "<group>"; };
		F46A3AD9203BE46800616BAF /* TimePickerViewController.xib */ = {isa = PBXFileReference; lastKnownFileType = file.xib; path = TimePickerViewController.xib; sourceTree = "<group>"; };
		F485D11920146BB200304DBE /* PrayerTimer.swift */ = {isa = PBXFileReference; lastKnownFileType = sourcecode.swift; path = PrayerTimer.swift; sourceTree = "<group>"; };
		F48FB6B81FD67C3E009318F9 /* DetailsContainerViewController.swift */ = {isa = PBXFileReference; lastKnownFileType = sourcecode.swift; path = DetailsContainerViewController.swift; sourceTree = "<group>"; };
		F49068AD206F4F9800DCF408 /* Progress.swift */ = {isa = PBXFileReference; lastKnownFileType = sourcecode.swift; path = Progress.swift; sourceTree = "<group>"; };
		F4A8FDBB1FDE8A170058DF97 /* Category+CoreDataClass.swift */ = {isa = PBXFileReference; lastKnownFileType = sourcecode.swift; path = "Category+CoreDataClass.swift"; sourceTree = "<group>"; };
		F4A8FDBC1FDE8A170058DF97 /* Category+CoreDataProperties.swift */ = {isa = PBXFileReference; lastKnownFileType = sourcecode.swift; path = "Category+CoreDataProperties.swift"; sourceTree = "<group>"; };
		F4A8FDBD1FDE8A170058DF97 /* Prayer+CoreDataClass.swift */ = {isa = PBXFileReference; lastKnownFileType = sourcecode.swift; path = "Prayer+CoreDataClass.swift"; sourceTree = "<group>"; };
		F4A8FDBE1FDE8A170058DF97 /* Prayer+CoreDataProperties.swift */ = {isa = PBXFileReference; lastKnownFileType = sourcecode.swift; path = "Prayer+CoreDataProperties.swift"; sourceTree = "<group>"; };
		F4A8FDC51FDF93E20058DF97 /* UserDefaultsManager.swift */ = {isa = PBXFileReference; lastKnownFileType = sourcecode.swift; path = UserDefaultsManager.swift; sourceTree = "<group>"; };
		F4A8FDC71FE0F81A0058DF97 /* PrayerList.json */ = {isa = PBXFileReference; fileEncoding = 4; lastKnownFileType = text.json; path = PrayerList.json; sourceTree = "<group>"; };
		F4C51EAC1FE39995007F2195 /* PrayerDetailsTableViewCell.swift */ = {isa = PBXFileReference; lastKnownFileType = sourcecode.swift; path = PrayerDetailsTableViewCell.swift; sourceTree = "<group>"; };
		F4C51EAE1FE4F833007F2195 /* JoshuaProjectClient.swift */ = {isa = PBXFileReference; lastKnownFileType = sourcecode.swift; path = JoshuaProjectClient.swift; sourceTree = "<group>"; };
		F4C51EB21FE50957007F2195 /* Constants.swift */ = {isa = PBXFileReference; lastKnownFileType = sourcecode.swift; path = Constants.swift; sourceTree = "<group>"; };
		F4C51EB41FE512D1007F2195 /* APIKey.plist */ = {isa = PBXFileReference; lastKnownFileType = text.plist.xml; path = APIKey.plist; sourceTree = "<group>"; };
		F4C51EB61FE63281007F2195 /* DateFunctions.swift */ = {isa = PBXFileReference; lastKnownFileType = sourcecode.swift; path = DateFunctions.swift; sourceTree = "<group>"; };
		F4C51EB81FE78D6B007F2195 /* JoshuaProjectsConvenienceFunctions.swift */ = {isa = PBXFileReference; lastKnownFileType = sourcecode.swift; path = JoshuaProjectsConvenienceFunctions.swift; sourceTree = "<group>"; };
		F4C51EBA1FEB491D007F2195 /* PeopleGroupsViewController.swift */ = {isa = PBXFileReference; lastKnownFileType = sourcecode.swift; path = PeopleGroupsViewController.swift; sourceTree = "<group>"; };
		F4C51EBD1FF06734007F2195 /* PrayerTimeViewController.swift */ = {isa = PBXFileReference; lastKnownFileType = sourcecode.swift; path = PrayerTimeViewController.swift; sourceTree = "<group>"; };
		F4C51EC11FF0A9D7007F2195 /* LaunchScreen.storyboard */ = {isa = PBXFileReference; lastKnownFileType = file.storyboard; path = LaunchScreen.storyboard; sourceTree = "<group>"; };
		F4D3D4A11FCBBCB60035F860 /* CoreDataStack.swift */ = {isa = PBXFileReference; lastKnownFileType = sourcecode.swift; path = CoreDataStack.swift; sourceTree = "<group>"; };
		F4D3D4A41FCBD1DD0035F860 /* CoreDataViewController.swift */ = {isa = PBXFileReference; lastKnownFileType = sourcecode.swift; path = CoreDataViewController.swift; sourceTree = "<group>"; };
		F4D3D4A61FCBD57D0035F860 /* JSONPrayerList.swift */ = {isa = PBXFileReference; lastKnownFileType = sourcecode.swift; path = JSONPrayerList.swift; sourceTree = "<group>"; };
		F4D3D4AA1FD1201D0035F860 /* PrayerData.swift */ = {isa = PBXFileReference; lastKnownFileType = sourcecode.swift; path = PrayerData.swift; sourceTree = "<group>"; };
		F4E716A52032CA190066A20A /* ApplePaySwag-Bridging-Header.h */ = {isa = PBXFileReference; lastKnownFileType = sourcecode.c.h; path = "ApplePaySwag-Bridging-Header.h"; sourceTree = "<group>"; };
		F4E716A62032CA930066A20A /* StripeClient.swift */ = {isa = PBXFileReference; lastKnownFileType = sourcecode.swift; path = StripeClient.swift; sourceTree = "<group>"; };
		F4F27A3020451BB80043CF3C /* UIView+Designable.swift */ = {isa = PBXFileReference; lastKnownFileType = sourcecode.swift; path = "UIView+Designable.swift"; sourceTree = "<group>"; };
		F4F27A34204690890043CF3C /* SectionTableViewCell.swift */ = {isa = PBXFileReference; lastKnownFileType = sourcecode.swift; path = SectionTableViewCell.swift; sourceTree = "<group>"; };
		F4F27A382046AF0F0043CF3C /* PrayerNavigationController.swift */ = {isa = PBXFileReference; lastKnownFileType = sourcecode.swift; name = PrayerNavigationController.swift; path = LearnToPray/View/PrayerNavigationController.swift; sourceTree = SOURCE_ROOT; };
		F4F27A3A2047C3600043CF3C /* PaddedLabel.swift */ = {isa = PBXFileReference; lastKnownFileType = sourcecode.swift; path = PaddedLabel.swift; sourceTree = "<group>"; };
		F4F718ED2075D03D00099078 /* Audio.swift */ = {isa = PBXFileReference; lastKnownFileType = sourcecode.swift; name = Audio.swift; path = LearnToPray/Model/Audio.swift; sourceTree = SOURCE_ROOT; };
		F4F718EF2075D0E000099078 /* chimes.wav */ = {isa = PBXFileReference; lastKnownFileType = audio.wav; path = chimes.wav; sourceTree = "<group>"; };
		F4F718F1207B199C00099078 /* AboutViewController.swift */ = {isa = PBXFileReference; lastKnownFileType = sourcecode.swift; path = AboutViewController.swift; sourceTree = "<group>"; };
		F4F718F2207B199C00099078 /* AboutViewController.xib */ = {isa = PBXFileReference; lastKnownFileType = file.xib; path = AboutViewController.xib; sourceTree = "<group>"; };
/* End PBXFileReference section */

/* Begin PBXFrameworksBuildPhase section */
		F43ED5EA1FB5719F008E6078 /* Frameworks */ = {
			isa = PBXFrameworksBuildPhase;
			buildActionMask = 2147483647;
			files = (
				D416445123336A853B2B5113 /* libPods-LearnToPray.a in Frameworks */,
			);
			runOnlyForDeploymentPostprocessing = 0;
		};
		F43ED5FE1FB5719F008E6078 /* Frameworks */ = {
			isa = PBXFrameworksBuildPhase;
			buildActionMask = 2147483647;
			files = (
			);
			runOnlyForDeploymentPostprocessing = 0;
		};
		F43ED6091FB5719F008E6078 /* Frameworks */ = {
			isa = PBXFrameworksBuildPhase;
			buildActionMask = 2147483647;
			files = (
			);
			runOnlyForDeploymentPostprocessing = 0;
		};
/* End PBXFrameworksBuildPhase section */

/* Begin PBXGroup section */
		43730541D63D85C353AF040D /* Pods */ = {
			isa = PBXGroup;
			children = (
				D2269D9722178C2077145CEF /* Pods-LearnToPray.debug.xcconfig */,
				1232BCA1A7408CF9AA58B349 /* Pods-LearnToPray.release.xcconfig */,
			);
			name = Pods;
			sourceTree = "<group>";
		};
		814D72ECB1581BAA345D9062 /* Frameworks */ = {
			isa = PBXGroup;
			children = (
				837E30E05137A9AB63AF3BE2 /* libPods-LearnToPray.a */,
			);
			name = Frameworks;
			sourceTree = "<group>";
		};
		F408DB461FDDF95900C93434 /* View */ = {
			isa = PBXGroup;
			children = (
				F4F27A382046AF0F0043CF3C /* PrayerNavigationController.swift */,
				F408DB441FDDF93200C93434 /* PrayerDetailsHeaderTableViewCell.swift */,
				F4C51EAC1FE39995007F2195 /* PrayerDetailsTableViewCell.swift */,
				F4F27A34204690890043CF3C /* SectionTableViewCell.swift */,
				F4F27A3A2047C3600043CF3C /* PaddedLabel.swift */,
				F407BAAC206B7FC8009BDF65 /* PrayerTableViewCell.swift */,
			);
			path = View;
			sourceTree = "<group>";
		};
		F408DB471FDDFF9F00C93434 /* Prayers */ = {
			isa = PBXGroup;
			children = (
				F408DB421FDDF70300C93434 /* GuidedPrayersViewController.swift */,
				F43ED5F21FB5719F008E6078 /* PrayersListContainerViewController.swift */,
			);
			path = Prayers;
			sourceTree = "<group>";
		};
		F408DB481FDDFFB600C93434 /* Details */ = {
			isa = PBXGroup;
			children = (
				F408DB4C1FDE68DA00C93434 /* PrayerDetailsViewController.swift */,
				F48FB6B81FD67C3E009318F9 /* DetailsContainerViewController.swift */,
			);
			path = Details;
			sourceTree = "<group>";
		};
		F408DB491FDDFFC900C93434 /* Model */ = {
			isa = PBXGroup;
			children = (
				F49068AD206F4F9800DCF408 /* Progress.swift */,
				F45D74C4202C324700A9C9CD /* KeyboardLayoutConstraint.swift */,
				F45D74BD202AC78400A9C9CD /* ApplePaySetUp.swift */,
				F4D3D4A61FCBD57D0035F860 /* JSONPrayerList.swift */,
				F4D3D4AA1FD1201D0035F860 /* PrayerData.swift */,
				F4C51EB61FE63281007F2195 /* DateFunctions.swift */,
				F485D11920146BB200304DBE /* PrayerTimer.swift */,
				F407BAAA2060DDBB009BDF65 /* NextButton.swift */,
				F4F718ED2075D03D00099078 /* Audio.swift */,
				F45D74C1202AD53500A9C9CD /* Extensions */,
				F4B864822022DC7400735337 /* Networking */,
			);
			path = Model;
			sourceTree = "<group>";
		};
		F408DB4A1FDDFFFE00C93434 /* ManagedObjects */ = {
			isa = PBXGroup;
			children = (
				F4A8FDBB1FDE8A170058DF97 /* Category+CoreDataClass.swift */,
				F4A8FDBC1FDE8A170058DF97 /* Category+CoreDataProperties.swift */,
				F4A8FDBD1FDE8A170058DF97 /* Prayer+CoreDataClass.swift */,
				F4A8FDBE1FDE8A170058DF97 /* Prayer+CoreDataProperties.swift */,
				F407BAA4205E429C009BDF65 /* Details+CoreDataClass.swift */,
				F407BAA5205E429C009BDF65 /* Details+CoreDataProperties.swift */,
			);
			path = ManagedObjects;
			sourceTree = "<group>";
		};
		F408DB4B1FDE002200C93434 /* ViewControllers */ = {
			isa = PBXGroup;
			children = (
				F4D3D4A41FCBD1DD0035F860 /* CoreDataViewController.swift */,
				F46A3AD42036D0F800616BAF /* HomeViewController.swift */,
				F4F718F1207B199C00099078 /* AboutViewController.swift */,
				F408DB471FDDFF9F00C93434 /* Prayers */,
				F408DB481FDDFFB600C93434 /* Details */,
				F4C51EBC1FEB494C007F2195 /* People Groups */,
				F4C9D50B205E34CA0097E3F2 /* PrayerTime */,
			);
			path = ViewControllers;
			sourceTree = "<group>";
		};
		F43ED5E41FB5719F008E6078 = {
			isa = PBXGroup;
			children = (
				F43ED5EF1FB5719F008E6078 /* LearnToPray */,
				F43ED6041FB5719F008E6078 /* LearnToPrayTests */,
				F43ED60F1FB5719F008E6078 /* LearnToPrayUITests */,
				F43ED5EE1FB5719F008E6078 /* Products */,
				43730541D63D85C353AF040D /* Pods */,
				814D72ECB1581BAA345D9062 /* Frameworks */,
			);
			sourceTree = "<group>";
		};
		F43ED5EE1FB5719F008E6078 /* Products */ = {
			isa = PBXGroup;
			children = (
				F43ED5ED1FB5719F008E6078 /* LearnToPray.app */,
				F43ED6011FB5719F008E6078 /* LearnToPrayTests.xctest */,
				F43ED60C1FB5719F008E6078 /* LearnToPrayUITests.xctest */,
			);
			name = Products;
			sourceTree = "<group>";
		};
		F43ED5EF1FB5719F008E6078 /* LearnToPray */ = {
			isa = PBXGroup;
			children = (
				F43ED5F01FB5719F008E6078 /* AppDelegate.swift */,
				F4A8FDC51FDF93E20058DF97 /* UserDefaultsManager.swift */,
				F408DB4B1FDE002200C93434 /* ViewControllers */,
				F408DB491FDDFFC900C93434 /* Model */,
				F43ED5F71FB5719F008E6078 /* Assets.xcassets */,
				F4C51EC31FF5FA9E007F2195 /* XIB Files */,
				F43ED5FC1FB5719F008E6078 /* Info.plist */,
				F4C51EB41FE512D1007F2195 /* APIKey.plist */,
				F4A8FDC71FE0F81A0058DF97 /* PrayerList.json */,
				F4F718EF2075D0E000099078 /* chimes.wav */,
				F4D3D4A31FCBD1590035F860 /* CoreData */,
				F408DB461FDDF95900C93434 /* View */,
				F4E716A52032CA190066A20A /* ApplePaySwag-Bridging-Header.h */,
				F459DC74207CA28B00657881 /* For Future  */,
			);
			path = LearnToPray;
			sourceTree = "<group>";
		};
		F43ED6041FB5719F008E6078 /* LearnToPrayTests */ = {
			isa = PBXGroup;
			children = (
				F43ED6051FB5719F008E6078 /* LearnToPrayTests.swift */,
				F43ED6071FB5719F008E6078 /* Info.plist */,
			);
			path = LearnToPrayTests;
			sourceTree = "<group>";
		};
		F43ED60F1FB5719F008E6078 /* LearnToPrayUITests */ = {
			isa = PBXGroup;
			children = (
				F43ED6101FB5719F008E6078 /* LearnToPrayUITests.swift */,
				F43ED6121FB5719F008E6078 /* Info.plist */,
			);
			path = LearnToPrayUITests;
			sourceTree = "<group>";
		};
		F459DC74207CA28B00657881 /* For Future  */ = {
			isa = PBXGroup;
			children = (
				F4E716A62032CA930066A20A /* StripeClient.swift */,
				F45D74B820244B6E00A9C9CD /* DonationViewController.swift */,
				F45D74B920244B6E00A9C9CD /* DonationViewController.xib */,
			);
			path = "For Future ";
			sourceTree = "<group>";
		};
		F45D74C1202AD53500A9C9CD /* Extensions */ = {
			isa = PBXGroup;
			children = (
				F46A3ACE20369E5400616BAF /* UIButtonExtensions.swift */,
				F437381B2005E13F0067F1F7 /* LabelExtensions.swift */,
				F4541221205661A500A305F5 /* UIStackView+Styling.swift */,
				F4F27A3020451BB80043CF3C /* UIView+Designable.swift */,
			);
			path = Extensions;
			sourceTree = "<group>";
		};
		F4B864822022DC7400735337 /* Networking */ = {
			isa = PBXGroup;
			children = (
				F4C51EAE1FE4F833007F2195 /* JoshuaProjectClient.swift */,
				F4C51EB81FE78D6B007F2195 /* JoshuaProjectsConvenienceFunctions.swift */,
				F4C51EB21FE50957007F2195 /* Constants.swift */,
			);
			path = Networking;
			sourceTree = "<group>";
		};
		F4C51EBC1FEB494C007F2195 /* People Groups */ = {
			isa = PBXGroup;
			children = (
				F4C51EBA1FEB491D007F2195 /* PeopleGroupsViewController.swift */,
			);
			path = "People Groups";
			sourceTree = "<group>";
		};
		F4C51EC31FF5FA9E007F2195 /* XIB Files */ = {
			isa = PBXGroup;
			children = (
				F4C51EC11FF0A9D7007F2195 /* LaunchScreen.storyboard */,
				F43ED5F41FB5719F008E6078 /* Main.storyboard */,
				F46A3AD22036C5FB00616BAF /* HomeViewController.xib */,
				F46A3AD9203BE46800616BAF /* TimePickerViewController.xib */,
				F451FD0C1FFF561700540B31 /* PrayerTimeViewController.xib */,
				F4F718F2207B199C00099078 /* AboutViewController.xib */,
			);
			path = "XIB Files";
			sourceTree = "<group>";
		};
		F4C9D50B205E34CA0097E3F2 /* PrayerTime */ = {
			isa = PBXGroup;
			children = (
				F4C51EBD1FF06734007F2195 /* PrayerTimeViewController.swift */,
				F46A3AD8203BE46800616BAF /* TimePickerViewController.swift */,
			);
			path = PrayerTime;
			sourceTree = "<group>";
		};
		F4D3D4A31FCBD1590035F860 /* CoreData */ = {
			isa = PBXGroup;
			children = (
				F43ED61E1FB57234008E6078 /* CoreDataModel.xcdatamodeld */,
				F408DB4A1FDDFFFE00C93434 /* ManagedObjects */,
				F4D3D4A11FCBBCB60035F860 /* CoreDataStack.swift */,
			);
			path = CoreData;
			sourceTree = "<group>";
		};
/* End PBXGroup section */

/* Begin PBXNativeTarget section */
		F43ED5EC1FB5719F008E6078 /* LearnToPray */ = {
			isa = PBXNativeTarget;
			buildConfigurationList = F43ED6151FB5719F008E6078 /* Build configuration list for PBXNativeTarget "LearnToPray" */;
			buildPhases = (
				614518D4C293D44DE217815D /* [CP] Check Pods Manifest.lock */,
				F43ED5E91FB5719F008E6078 /* Sources */,
				F43ED5EA1FB5719F008E6078 /* Frameworks */,
				F43ED5EB1FB5719F008E6078 /* Resources */,
				56B05FC1BC72C250B85FED3E /* [CP] Embed Pods Frameworks */,
				C7AFA16567A1E4C8A69826F6 /* [CP] Copy Pods Resources */,
			);
			buildRules = (
			);
			dependencies = (
			);
			name = LearnToPray;
			productName = LearnToPray;
			productReference = F43ED5ED1FB5719F008E6078 /* LearnToPray.app */;
			productType = "com.apple.product-type.application";
		};
		F43ED6001FB5719F008E6078 /* LearnToPrayTests */ = {
			isa = PBXNativeTarget;
			buildConfigurationList = F43ED6181FB5719F008E6078 /* Build configuration list for PBXNativeTarget "LearnToPrayTests" */;
			buildPhases = (
				F43ED5FD1FB5719F008E6078 /* Sources */,
				F43ED5FE1FB5719F008E6078 /* Frameworks */,
				F43ED5FF1FB5719F008E6078 /* Resources */,
			);
			buildRules = (
			);
			dependencies = (
				F43ED6031FB5719F008E6078 /* PBXTargetDependency */,
			);
			name = LearnToPrayTests;
			productName = LearnToPrayTests;
			productReference = F43ED6011FB5719F008E6078 /* LearnToPrayTests.xctest */;
			productType = "com.apple.product-type.bundle.unit-test";
		};
		F43ED60B1FB5719F008E6078 /* LearnToPrayUITests */ = {
			isa = PBXNativeTarget;
			buildConfigurationList = F43ED61B1FB5719F008E6078 /* Build configuration list for PBXNativeTarget "LearnToPrayUITests" */;
			buildPhases = (
				F43ED6081FB5719F008E6078 /* Sources */,
				F43ED6091FB5719F008E6078 /* Frameworks */,
				F43ED60A1FB5719F008E6078 /* Resources */,
			);
			buildRules = (
			);
			dependencies = (
				F43ED60E1FB5719F008E6078 /* PBXTargetDependency */,
			);
			name = LearnToPrayUITests;
			productName = LearnToPrayUITests;
			productReference = F43ED60C1FB5719F008E6078 /* LearnToPrayUITests.xctest */;
			productType = "com.apple.product-type.bundle.ui-testing";
		};
/* End PBXNativeTarget section */

/* Begin PBXProject section */
		F43ED5E51FB5719F008E6078 /* Project object */ = {
			isa = PBXProject;
			attributes = {
				LastSwiftUpdateCheck = 0900;
				LastUpgradeCheck = 0930;
				ORGANIZATIONNAME = "Mark Tapia";
				TargetAttributes = {
					F43ED5EC1FB5719F008E6078 = {
						CreatedOnToolsVersion = 9.0.1;
						ProvisioningStyle = Automatic;
						SystemCapabilities = {
							com.apple.ApplePay = {
								enabled = 1;
							};
							com.apple.BackgroundModes = {
								enabled = 1;
							};
						};
					};
					F43ED6001FB5719F008E6078 = {
						CreatedOnToolsVersion = 9.0.1;
						ProvisioningStyle = Automatic;
						TestTargetID = F43ED5EC1FB5719F008E6078;
					};
					F43ED60B1FB5719F008E6078 = {
						CreatedOnToolsVersion = 9.0.1;
						ProvisioningStyle = Automatic;
						TestTargetID = F43ED5EC1FB5719F008E6078;
					};
				};
			};
			buildConfigurationList = F43ED5E81FB5719F008E6078 /* Build configuration list for PBXProject "LearnToPray" */;
			compatibilityVersion = "Xcode 8.0";
			developmentRegion = en;
			hasScannedForEncodings = 0;
			knownRegions = (
				en,
				Base,
			);
			mainGroup = F43ED5E41FB5719F008E6078;
			productRefGroup = F43ED5EE1FB5719F008E6078 /* Products */;
			projectDirPath = "";
			projectRoot = "";
			targets = (
				F43ED5EC1FB5719F008E6078 /* LearnToPray */,
				F43ED6001FB5719F008E6078 /* LearnToPrayTests */,
				F43ED60B1FB5719F008E6078 /* LearnToPrayUITests */,
			);
		};
/* End PBXProject section */

/* Begin PBXResourcesBuildPhase section */
		F43ED5EB1FB5719F008E6078 /* Resources */ = {
			isa = PBXResourcesBuildPhase;
			buildActionMask = 2147483647;
			files = (
				F4C51EB51FE512D1007F2195 /* APIKey.plist in Resources */,
				F46A3ADB203BE46800616BAF /* TimePickerViewController.xib in Resources */,
				F43ED5F81FB5719F008E6078 /* Assets.xcassets in Resources */,
				F45D74BB20244B6E00A9C9CD /* DonationViewController.xib in Resources */,
				F451FD0D1FFF561700540B31 /* PrayerTimeViewController.xib in Resources */,
				F4C51EC21FF0A9D7007F2195 /* LaunchScreen.storyboard in Resources */,
				F4A8FDC81FE0F81A0058DF97 /* PrayerList.json in Resources */,
				F46A3AD32036C5FB00616BAF /* HomeViewController.xib in Resources */,
				F43ED5F61FB5719F008E6078 /* Main.storyboard in Resources */,
				F4F718F4207B199C00099078 /* AboutViewController.xib in Resources */,
				F4F718F02075D0E100099078 /* chimes.wav in Resources */,
			);
			runOnlyForDeploymentPostprocessing = 0;
		};
		F43ED5FF1FB5719F008E6078 /* Resources */ = {
			isa = PBXResourcesBuildPhase;
			buildActionMask = 2147483647;
			files = (
			);
			runOnlyForDeploymentPostprocessing = 0;
		};
		F43ED60A1FB5719F008E6078 /* Resources */ = {
			isa = PBXResourcesBuildPhase;
			buildActionMask = 2147483647;
			files = (
			);
			runOnlyForDeploymentPostprocessing = 0;
		};
/* End PBXResourcesBuildPhase section */

/* Begin PBXShellScriptBuildPhase section */
		56B05FC1BC72C250B85FED3E /* [CP] Embed Pods Frameworks */ = {
			isa = PBXShellScriptBuildPhase;
			buildActionMask = 2147483647;
			files = (
			);
			inputPaths = (
			);
			name = "[CP] Embed Pods Frameworks";
			outputPaths = (
			);
			runOnlyForDeploymentPostprocessing = 0;
			shellPath = /bin/sh;
			shellScript = "\"${SRCROOT}/Pods/Target Support Files/Pods-LearnToPray/Pods-LearnToPray-frameworks.sh\"\n";
			showEnvVarsInLog = 0;
		};
		614518D4C293D44DE217815D /* [CP] Check Pods Manifest.lock */ = {
			isa = PBXShellScriptBuildPhase;
			buildActionMask = 2147483647;
			files = (
			);
			inputPaths = (
				"${PODS_PODFILE_DIR_PATH}/Podfile.lock",
				"${PODS_ROOT}/Manifest.lock",
			);
			name = "[CP] Check Pods Manifest.lock";
			outputPaths = (
				"$(DERIVED_FILE_DIR)/Pods-LearnToPray-checkManifestLockResult.txt",
			);
			runOnlyForDeploymentPostprocessing = 0;
			shellPath = /bin/sh;
			shellScript = "diff \"${PODS_PODFILE_DIR_PATH}/Podfile.lock\" \"${PODS_ROOT}/Manifest.lock\" > /dev/null\nif [ $? != 0 ] ; then\n    # print error to STDERR\n    echo \"error: The sandbox is not in sync with the Podfile.lock. Run 'pod install' or update your CocoaPods installation.\" >&2\n    exit 1\nfi\n# This output is used by Xcode 'outputs' to avoid re-running this script phase.\necho \"SUCCESS\" > \"${SCRIPT_OUTPUT_FILE_0}\"\n";
			showEnvVarsInLog = 0;
		};
		C7AFA16567A1E4C8A69826F6 /* [CP] Copy Pods Resources */ = {
			isa = PBXShellScriptBuildPhase;
			buildActionMask = 2147483647;
			files = (
			);
			inputPaths = (
				"${SRCROOT}/Pods/Target Support Files/Pods-LearnToPray/Pods-LearnToPray-resources.sh",
				"${PODS_ROOT}/Stripe/Stripe/Resources/Images/stp_card_amex.png",
				"${PODS_ROOT}/Stripe/Stripe/Resources/Images/stp_card_amex@2x.png",
				"${PODS_ROOT}/Stripe/Stripe/Resources/Images/stp_card_amex@3x.png",
				"${PODS_ROOT}/Stripe/Stripe/Resources/Images/stp_card_cvc.png",
				"${PODS_ROOT}/Stripe/Stripe/Resources/Images/stp_card_cvc@2x.png",
				"${PODS_ROOT}/Stripe/Stripe/Resources/Images/stp_card_cvc@3x.png",
				"${PODS_ROOT}/Stripe/Stripe/Resources/Images/stp_card_cvc_amex.png",
				"${PODS_ROOT}/Stripe/Stripe/Resources/Images/stp_card_cvc_amex@2x.png",
				"${PODS_ROOT}/Stripe/Stripe/Resources/Images/stp_card_cvc_amex@3x.png",
				"${PODS_ROOT}/Stripe/Stripe/Resources/Images/stp_card_diners.png",
				"${PODS_ROOT}/Stripe/Stripe/Resources/Images/stp_card_diners@2x.png",
				"${PODS_ROOT}/Stripe/Stripe/Resources/Images/stp_card_diners@3x.png",
				"${PODS_ROOT}/Stripe/Stripe/Resources/Images/stp_card_discover.png",
				"${PODS_ROOT}/Stripe/Stripe/Resources/Images/stp_card_discover@2x.png",
				"${PODS_ROOT}/Stripe/Stripe/Resources/Images/stp_card_discover@3x.png",
				"${PODS_ROOT}/Stripe/Stripe/Resources/Images/stp_card_jcb.png",
				"${PODS_ROOT}/Stripe/Stripe/Resources/Images/stp_card_jcb@2x.png",
				"${PODS_ROOT}/Stripe/Stripe/Resources/Images/stp_card_jcb@3x.png",
				"${PODS_ROOT}/Stripe/Stripe/Resources/Images/stp_card_mastercard.png",
				"${PODS_ROOT}/Stripe/Stripe/Resources/Images/stp_card_mastercard@2x.png",
				"${PODS_ROOT}/Stripe/Stripe/Resources/Images/stp_card_mastercard@3x.png",
				"${PODS_ROOT}/Stripe/Stripe/Resources/Images/stp_card_placeholder.png",
				"${PODS_ROOT}/Stripe/Stripe/Resources/Images/stp_card_placeholder@2x.png",
				"${PODS_ROOT}/Stripe/Stripe/Resources/Images/stp_card_placeholder@3x.png",
				"${PODS_ROOT}/Stripe/Stripe/Resources/Images/stp_card_placeholder_template.png",
				"${PODS_ROOT}/Stripe/Stripe/Resources/Images/stp_card_placeholder_template@2x.png",
				"${PODS_ROOT}/Stripe/Stripe/Resources/Images/stp_card_placeholder_template@3x.png",
				"${PODS_ROOT}/Stripe/Stripe/Resources/Images/stp_card_visa.png",
				"${PODS_ROOT}/Stripe/Stripe/Resources/Images/stp_card_visa@2x.png",
				"${PODS_ROOT}/Stripe/Stripe/Resources/Images/stp_card_visa@3x.png",
				"${PODS_ROOT}/Stripe/Stripe/Resources/Images",
			);
			name = "[CP] Copy Pods Resources";
			outputPaths = (
				"${TARGET_BUILD_DIR}/${UNLOCALIZED_RESOURCES_FOLDER_PATH}/stp_card_amex.png",
				"${TARGET_BUILD_DIR}/${UNLOCALIZED_RESOURCES_FOLDER_PATH}/stp_card_amex@2x.png",
				"${TARGET_BUILD_DIR}/${UNLOCALIZED_RESOURCES_FOLDER_PATH}/stp_card_amex@3x.png",
				"${TARGET_BUILD_DIR}/${UNLOCALIZED_RESOURCES_FOLDER_PATH}/stp_card_cvc.png",
				"${TARGET_BUILD_DIR}/${UNLOCALIZED_RESOURCES_FOLDER_PATH}/stp_card_cvc@2x.png",
				"${TARGET_BUILD_DIR}/${UNLOCALIZED_RESOURCES_FOLDER_PATH}/stp_card_cvc@3x.png",
				"${TARGET_BUILD_DIR}/${UNLOCALIZED_RESOURCES_FOLDER_PATH}/stp_card_cvc_amex.png",
				"${TARGET_BUILD_DIR}/${UNLOCALIZED_RESOURCES_FOLDER_PATH}/stp_card_cvc_amex@2x.png",
				"${TARGET_BUILD_DIR}/${UNLOCALIZED_RESOURCES_FOLDER_PATH}/stp_card_cvc_amex@3x.png",
				"${TARGET_BUILD_DIR}/${UNLOCALIZED_RESOURCES_FOLDER_PATH}/stp_card_diners.png",
				"${TARGET_BUILD_DIR}/${UNLOCALIZED_RESOURCES_FOLDER_PATH}/stp_card_diners@2x.png",
				"${TARGET_BUILD_DIR}/${UNLOCALIZED_RESOURCES_FOLDER_PATH}/stp_card_diners@3x.png",
				"${TARGET_BUILD_DIR}/${UNLOCALIZED_RESOURCES_FOLDER_PATH}/stp_card_discover.png",
				"${TARGET_BUILD_DIR}/${UNLOCALIZED_RESOURCES_FOLDER_PATH}/stp_card_discover@2x.png",
				"${TARGET_BUILD_DIR}/${UNLOCALIZED_RESOURCES_FOLDER_PATH}/stp_card_discover@3x.png",
				"${TARGET_BUILD_DIR}/${UNLOCALIZED_RESOURCES_FOLDER_PATH}/stp_card_jcb.png",
				"${TARGET_BUILD_DIR}/${UNLOCALIZED_RESOURCES_FOLDER_PATH}/stp_card_jcb@2x.png",
				"${TARGET_BUILD_DIR}/${UNLOCALIZED_RESOURCES_FOLDER_PATH}/stp_card_jcb@3x.png",
				"${TARGET_BUILD_DIR}/${UNLOCALIZED_RESOURCES_FOLDER_PATH}/stp_card_mastercard.png",
				"${TARGET_BUILD_DIR}/${UNLOCALIZED_RESOURCES_FOLDER_PATH}/stp_card_mastercard@2x.png",
				"${TARGET_BUILD_DIR}/${UNLOCALIZED_RESOURCES_FOLDER_PATH}/stp_card_mastercard@3x.png",
				"${TARGET_BUILD_DIR}/${UNLOCALIZED_RESOURCES_FOLDER_PATH}/stp_card_placeholder.png",
				"${TARGET_BUILD_DIR}/${UNLOCALIZED_RESOURCES_FOLDER_PATH}/stp_card_placeholder@2x.png",
				"${TARGET_BUILD_DIR}/${UNLOCALIZED_RESOURCES_FOLDER_PATH}/stp_card_placeholder@3x.png",
				"${TARGET_BUILD_DIR}/${UNLOCALIZED_RESOURCES_FOLDER_PATH}/stp_card_placeholder_template.png",
				"${TARGET_BUILD_DIR}/${UNLOCALIZED_RESOURCES_FOLDER_PATH}/stp_card_placeholder_template@2x.png",
				"${TARGET_BUILD_DIR}/${UNLOCALIZED_RESOURCES_FOLDER_PATH}/stp_card_placeholder_template@3x.png",
				"${TARGET_BUILD_DIR}/${UNLOCALIZED_RESOURCES_FOLDER_PATH}/stp_card_visa.png",
				"${TARGET_BUILD_DIR}/${UNLOCALIZED_RESOURCES_FOLDER_PATH}/stp_card_visa@2x.png",
				"${TARGET_BUILD_DIR}/${UNLOCALIZED_RESOURCES_FOLDER_PATH}/stp_card_visa@3x.png",
				"${TARGET_BUILD_DIR}/${UNLOCALIZED_RESOURCES_FOLDER_PATH}/Images",
			);
			runOnlyForDeploymentPostprocessing = 0;
			shellPath = /bin/sh;
			shellScript = "\"${SRCROOT}/Pods/Target Support Files/Pods-LearnToPray/Pods-LearnToPray-resources.sh\"\n";
			showEnvVarsInLog = 0;
		};
/* End PBXShellScriptBuildPhase section */

/* Begin PBXSourcesBuildPhase section */
		F43ED5E91FB5719F008E6078 /* Sources */ = {
			isa = PBXSourcesBuildPhase;
			buildActionMask = 2147483647;
			files = (
				F4C51EB71FE63281007F2195 /* DateFunctions.swift in Sources */,
				F4D3D4AB1FD1201D0035F860 /* PrayerData.swift in Sources */,
				F4F718F3207B199C00099078 /* AboutViewController.swift in Sources */,
				F49068AE206F4F9800DCF408 /* Progress.swift in Sources */,
				F4F27A3120451BB80043CF3C /* UIView+Designable.swift in Sources */,
				F43ED5F31FB5719F008E6078 /* PrayersListContainerViewController.swift in Sources */,
				F485D11A20146BB200304DBE /* PrayerTimer.swift in Sources */,
				F46A3AD52036D0F800616BAF /* HomeViewController.swift in Sources */,
				F45D74BE202AC78400A9C9CD /* ApplePaySetUp.swift in Sources */,
				F48FB6B91FD67C3E009318F9 /* DetailsContainerViewController.swift in Sources */,
				F4F27A35204690890043CF3C /* SectionTableViewCell.swift in Sources */,
				F46A3ACF20369E5400616BAF /* UIButtonExtensions.swift in Sources */,
				F4C51EAD1FE39995007F2195 /* PrayerDetailsTableViewCell.swift in Sources */,
				F4F27A392046AF0F0043CF3C /* PrayerNavigationController.swift in Sources */,
				F4C51EBB1FEB491D007F2195 /* PeopleGroupsViewController.swift in Sources */,
				F408DB431FDDF70300C93434 /* GuidedPrayersViewController.swift in Sources */,
				F4E716A72032CA930066A20A /* StripeClient.swift in Sources */,
				F407BAAB2060DDBB009BDF65 /* NextButton.swift in Sources */,
				F407BAA6205E429C009BDF65 /* Details+CoreDataClass.swift in Sources */,
				F407BAA7205E429C009BDF65 /* Details+CoreDataProperties.swift in Sources */,
				F408DB451FDDF93200C93434 /* PrayerDetailsHeaderTableViewCell.swift in Sources */,
				F4D3D4A51FCBD1DD0035F860 /* CoreDataViewController.swift in Sources */,
				F4A8FDC21FDE8A170058DF97 /* Category+CoreDataProperties.swift in Sources */,
				F45D74C5202C324800A9C9CD /* KeyboardLayoutConstraint.swift in Sources */,
				F4A8FDC41FDE8A170058DF97 /* Prayer+CoreDataProperties.swift in Sources */,
				F4F718EE2075D03D00099078 /* Audio.swift in Sources */,
				F4C51EB91FE78D6B007F2195 /* JoshuaProjectsConvenienceFunctions.swift in Sources */,
				F407BAAD206B7FC8009BDF65 /* PrayerTableViewCell.swift in Sources */,
				F4C51EBF1FF06734007F2195 /* PrayerTimeViewController.swift in Sources */,
				F4C51EB31FE50957007F2195 /* Constants.swift in Sources */,
				F408DB4D1FDE68DA00C93434 /* PrayerDetailsViewController.swift in Sources */,
				F4A8FDC11FDE8A170058DF97 /* Category+CoreDataClass.swift in Sources */,
				F46A3ADA203BE46800616BAF /* TimePickerViewController.swift in Sources */,
				F4541222205661A500A305F5 /* UIStackView+Styling.swift in Sources */,
				F4D3D4A21FCBBCB60035F860 /* CoreDataStack.swift in Sources */,
				F4A8FDC31FDE8A170058DF97 /* Prayer+CoreDataClass.swift in Sources */,
				F4A8FDC61FDF93E20058DF97 /* UserDefaultsManager.swift in Sources */,
				F45D74BA20244B6E00A9C9CD /* DonationViewController.swift in Sources */,
				F4C51EAF1FE4F833007F2195 /* JoshuaProjectClient.swift in Sources */,
				F4F27A3B2047C3600043CF3C /* PaddedLabel.swift in Sources */,
				F43ED5F11FB5719F008E6078 /* AppDelegate.swift in Sources */,
				F43ED6201FB57234008E6078 /* CoreDataModel.xcdatamodeld in Sources */,
				F4D3D4A71FCBD57D0035F860 /* JSONPrayerList.swift in Sources */,
				F437381C2005E13F0067F1F7 /* LabelExtensions.swift in Sources */,
			);
			runOnlyForDeploymentPostprocessing = 0;
		};
		F43ED5FD1FB5719F008E6078 /* Sources */ = {
			isa = PBXSourcesBuildPhase;
			buildActionMask = 2147483647;
			files = (
				F43ED6061FB5719F008E6078 /* LearnToPrayTests.swift in Sources */,
			);
			runOnlyForDeploymentPostprocessing = 0;
		};
		F43ED6081FB5719F008E6078 /* Sources */ = {
			isa = PBXSourcesBuildPhase;
			buildActionMask = 2147483647;
			files = (
				F43ED6111FB5719F008E6078 /* LearnToPrayUITests.swift in Sources */,
			);
			runOnlyForDeploymentPostprocessing = 0;
		};
/* End PBXSourcesBuildPhase section */

/* Begin PBXTargetDependency section */
		F43ED6031FB5719F008E6078 /* PBXTargetDependency */ = {
			isa = PBXTargetDependency;
			target = F43ED5EC1FB5719F008E6078 /* LearnToPray */;
			targetProxy = F43ED6021FB5719F008E6078 /* PBXContainerItemProxy */;
		};
		F43ED60E1FB5719F008E6078 /* PBXTargetDependency */ = {
			isa = PBXTargetDependency;
			target = F43ED5EC1FB5719F008E6078 /* LearnToPray */;
			targetProxy = F43ED60D1FB5719F008E6078 /* PBXContainerItemProxy */;
		};
/* End PBXTargetDependency section */

/* Begin PBXVariantGroup section */
		F43ED5F41FB5719F008E6078 /* Main.storyboard */ = {
			isa = PBXVariantGroup;
			children = (
				F43ED5F51FB5719F008E6078 /* Base */,
			);
			name = Main.storyboard;
			sourceTree = "<group>";
		};
/* End PBXVariantGroup section */

/* Begin XCBuildConfiguration section */
		F43ED6131FB5719F008E6078 /* Debug */ = {
			isa = XCBuildConfiguration;
			buildSettings = {
				ALWAYS_SEARCH_USER_PATHS = NO;
				CLANG_ANALYZER_NONNULL = YES;
				CLANG_ANALYZER_NUMBER_OBJECT_CONVERSION = YES_AGGRESSIVE;
				CLANG_CXX_LANGUAGE_STANDARD = "gnu++14";
				CLANG_CXX_LIBRARY = "libc++";
				CLANG_ENABLE_MODULES = YES;
				CLANG_ENABLE_OBJC_ARC = YES;
				CLANG_WARN_BLOCK_CAPTURE_AUTORELEASING = YES;
				CLANG_WARN_BOOL_CONVERSION = YES;
				CLANG_WARN_COMMA = YES;
				CLANG_WARN_CONSTANT_CONVERSION = YES;
				CLANG_WARN_DEPRECATED_OBJC_IMPLEMENTATIONS = YES;
				CLANG_WARN_DIRECT_OBJC_ISA_USAGE = YES_ERROR;
				CLANG_WARN_DOCUMENTATION_COMMENTS = YES;
				CLANG_WARN_EMPTY_BODY = YES;
				CLANG_WARN_ENUM_CONVERSION = YES;
				CLANG_WARN_INFINITE_RECURSION = YES;
				CLANG_WARN_INT_CONVERSION = YES;
				CLANG_WARN_NON_LITERAL_NULL_CONVERSION = YES;
				CLANG_WARN_OBJC_IMPLICIT_RETAIN_SELF = YES;
				CLANG_WARN_OBJC_LITERAL_CONVERSION = YES;
				CLANG_WARN_OBJC_ROOT_CLASS = YES_ERROR;
				CLANG_WARN_RANGE_LOOP_ANALYSIS = YES;
				CLANG_WARN_STRICT_PROTOTYPES = YES;
				CLANG_WARN_SUSPICIOUS_MOVE = YES;
				CLANG_WARN_UNGUARDED_AVAILABILITY = YES_AGGRESSIVE;
				CLANG_WARN_UNREACHABLE_CODE = YES;
				CLANG_WARN__DUPLICATE_METHOD_MATCH = YES;
				CODE_SIGN_IDENTITY = "iPhone Developer";
				COPY_PHASE_STRIP = NO;
				DEBUG_INFORMATION_FORMAT = dwarf;
				ENABLE_STRICT_OBJC_MSGSEND = YES;
				ENABLE_TESTABILITY = YES;
				GCC_C_LANGUAGE_STANDARD = gnu11;
				GCC_DYNAMIC_NO_PIC = NO;
				GCC_NO_COMMON_BLOCKS = YES;
				GCC_OPTIMIZATION_LEVEL = 0;
				GCC_PREPROCESSOR_DEFINITIONS = (
					"DEBUG=1",
					"$(inherited)",
				);
				GCC_WARN_64_TO_32_BIT_CONVERSION = YES;
				GCC_WARN_ABOUT_RETURN_TYPE = YES_ERROR;
				GCC_WARN_UNDECLARED_SELECTOR = YES;
				GCC_WARN_UNINITIALIZED_AUTOS = YES_AGGRESSIVE;
				GCC_WARN_UNUSED_FUNCTION = YES;
				GCC_WARN_UNUSED_VARIABLE = YES;
				IPHONEOS_DEPLOYMENT_TARGET = 11.0;
				MTL_ENABLE_DEBUG_INFO = YES;
				ONLY_ACTIVE_ARCH = YES;
				SDKROOT = iphoneos;
				SWIFT_ACTIVE_COMPILATION_CONDITIONS = DEBUG;
				SWIFT_OPTIMIZATION_LEVEL = "-Onone";
			};
			name = Debug;
		};
		F43ED6141FB5719F008E6078 /* Release */ = {
			isa = XCBuildConfiguration;
			buildSettings = {
				ALWAYS_SEARCH_USER_PATHS = NO;
				CLANG_ANALYZER_NONNULL = YES;
				CLANG_ANALYZER_NUMBER_OBJECT_CONVERSION = YES_AGGRESSIVE;
				CLANG_CXX_LANGUAGE_STANDARD = "gnu++14";
				CLANG_CXX_LIBRARY = "libc++";
				CLANG_ENABLE_MODULES = YES;
				CLANG_ENABLE_OBJC_ARC = YES;
				CLANG_WARN_BLOCK_CAPTURE_AUTORELEASING = YES;
				CLANG_WARN_BOOL_CONVERSION = YES;
				CLANG_WARN_COMMA = YES;
				CLANG_WARN_CONSTANT_CONVERSION = YES;
				CLANG_WARN_DEPRECATED_OBJC_IMPLEMENTATIONS = YES;
				CLANG_WARN_DIRECT_OBJC_ISA_USAGE = YES_ERROR;
				CLANG_WARN_DOCUMENTATION_COMMENTS = YES;
				CLANG_WARN_EMPTY_BODY = YES;
				CLANG_WARN_ENUM_CONVERSION = YES;
				CLANG_WARN_INFINITE_RECURSION = YES;
				CLANG_WARN_INT_CONVERSION = YES;
				CLANG_WARN_NON_LITERAL_NULL_CONVERSION = YES;
				CLANG_WARN_OBJC_IMPLICIT_RETAIN_SELF = YES;
				CLANG_WARN_OBJC_LITERAL_CONVERSION = YES;
				CLANG_WARN_OBJC_ROOT_CLASS = YES_ERROR;
				CLANG_WARN_RANGE_LOOP_ANALYSIS = YES;
				CLANG_WARN_STRICT_PROTOTYPES = YES;
				CLANG_WARN_SUSPICIOUS_MOVE = YES;
				CLANG_WARN_UNGUARDED_AVAILABILITY = YES_AGGRESSIVE;
				CLANG_WARN_UNREACHABLE_CODE = YES;
				CLANG_WARN__DUPLICATE_METHOD_MATCH = YES;
				CODE_SIGN_IDENTITY = "iPhone Developer";
				COPY_PHASE_STRIP = NO;
				DEBUG_INFORMATION_FORMAT = "dwarf-with-dsym";
				ENABLE_NS_ASSERTIONS = NO;
				ENABLE_STRICT_OBJC_MSGSEND = YES;
				GCC_C_LANGUAGE_STANDARD = gnu11;
				GCC_NO_COMMON_BLOCKS = YES;
				GCC_WARN_64_TO_32_BIT_CONVERSION = YES;
				GCC_WARN_ABOUT_RETURN_TYPE = YES_ERROR;
				GCC_WARN_UNDECLARED_SELECTOR = YES;
				GCC_WARN_UNINITIALIZED_AUTOS = YES_AGGRESSIVE;
				GCC_WARN_UNUSED_FUNCTION = YES;
				GCC_WARN_UNUSED_VARIABLE = YES;
				IPHONEOS_DEPLOYMENT_TARGET = 11.0;
				MTL_ENABLE_DEBUG_INFO = NO;
				SDKROOT = iphoneos;
				SWIFT_OPTIMIZATION_LEVEL = "-Owholemodule";
				VALIDATE_PRODUCT = YES;
			};
			name = Release;
		};
		F43ED6161FB5719F008E6078 /* Debug */ = {
			isa = XCBuildConfiguration;
			baseConfigurationReference = D2269D9722178C2077145CEF /* Pods-LearnToPray.debug.xcconfig */;
			buildSettings = {
				ASSETCATALOG_COMPILER_APPICON_NAME = AppIcon;
				CODE_SIGN_ENTITLEMENTS = "";
				CODE_SIGN_IDENTITY = "iPhone Developer";
				CODE_SIGN_STYLE = Automatic;
				DEVELOPMENT_TEAM = 7W4UP5Q55U;
				GCC_PREPROCESSOR_DEFINITIONS = (
					"$(inherited)",
					"COCOAPODS=1",
					STRIPE_ENABLE_APPLEPAY,
				);
				INFOPLIST_FILE = LearnToPray/Info.plist;
				LD_RUNPATH_SEARCH_PATHS = "$(inherited) @executable_path/Frameworks";
				PRODUCT_BUNDLE_IDENTIFIER = "-W4UP5Q55U.com.mdtaps.LearnToPray";
				PRODUCT_NAME = "$(TARGET_NAME)";
				SWIFT_OBJC_BRIDGING_HEADER = "LearnToPray/ApplePaySwag-Bridging-Header.h";
				SWIFT_VERSION = 4.0;
				TARGETED_DEVICE_FAMILY = "1,2";
			};
			name = Debug;
		};
		F43ED6171FB5719F008E6078 /* Release */ = {
			isa = XCBuildConfiguration;
			baseConfigurationReference = 1232BCA1A7408CF9AA58B349 /* Pods-LearnToPray.release.xcconfig */;
			buildSettings = {
				ASSETCATALOG_COMPILER_APPICON_NAME = AppIcon;
				CODE_SIGN_ENTITLEMENTS = "";
				CODE_SIGN_IDENTITY = "iPhone Developer";
				CODE_SIGN_STYLE = Automatic;
				DEVELOPMENT_TEAM = 7W4UP5Q55U;
				GCC_PREPROCESSOR_DEFINITIONS = (
					"$(inherited)",
					"COCOAPODS=1",
					STRIPE_ENABLE_APPLEPAY,
				);
				INFOPLIST_FILE = LearnToPray/Info.plist;
				LD_RUNPATH_SEARCH_PATHS = "$(inherited) @executable_path/Frameworks";
				PRODUCT_BUNDLE_IDENTIFIER = "-W4UP5Q55U.com.mdtaps.LearnToPray";
				PRODUCT_NAME = "$(TARGET_NAME)";
				SWIFT_OBJC_BRIDGING_HEADER = "LearnToPray/ApplePaySwag-Bridging-Header.h";
				SWIFT_VERSION = 4.0;
				TARGETED_DEVICE_FAMILY = "1,2";
			};
			name = Release;
		};
		F43ED6191FB5719F008E6078 /* Debug */ = {
			isa = XCBuildConfiguration;
			buildSettings = {
				ALWAYS_EMBED_SWIFT_STANDARD_LIBRARIES = YES;
				BUNDLE_LOADER = "$(TEST_HOST)";
				CODE_SIGN_STYLE = Automatic;
				DEVELOPMENT_TEAM = CGABW4X2P7;
				INFOPLIST_FILE = LearnToPrayTests/Info.plist;
				LD_RUNPATH_SEARCH_PATHS = "$(inherited) @executable_path/Frameworks @loader_path/Frameworks";
				PRODUCT_BUNDLE_IDENTIFIER = mdtaps.LearnToPrayTests;
				PRODUCT_NAME = "$(TARGET_NAME)";
				SWIFT_VERSION = 4.0;
				TARGETED_DEVICE_FAMILY = "1,2";
				TEST_HOST = "$(BUILT_PRODUCTS_DIR)/LearnToPray.app/LearnToPray";
			};
			name = Debug;
		};
		F43ED61A1FB5719F008E6078 /* Release */ = {
			isa = XCBuildConfiguration;
			buildSettings = {
				ALWAYS_EMBED_SWIFT_STANDARD_LIBRARIES = YES;
				BUNDLE_LOADER = "$(TEST_HOST)";
				CODE_SIGN_STYLE = Automatic;
				DEVELOPMENT_TEAM = CGABW4X2P7;
				INFOPLIST_FILE = LearnToPrayTests/Info.plist;
				LD_RUNPATH_SEARCH_PATHS = "$(inherited) @executable_path/Frameworks @loader_path/Frameworks";
				PRODUCT_BUNDLE_IDENTIFIER = mdtaps.LearnToPrayTests;
				PRODUCT_NAME = "$(TARGET_NAME)";
				SWIFT_VERSION = 4.0;
				TARGETED_DEVICE_FAMILY = "1,2";
				TEST_HOST = "$(BUILT_PRODUCTS_DIR)/LearnToPray.app/LearnToPray";
			};
			name = Release;
		};
		F43ED61C1FB5719F008E6078 /* Debug */ = {
			isa = XCBuildConfiguration;
			buildSettings = {
				ALWAYS_EMBED_SWIFT_STANDARD_LIBRARIES = YES;
				CODE_SIGN_STYLE = Automatic;
				DEVELOPMENT_TEAM = CGABW4X2P7;
				INFOPLIST_FILE = LearnToPrayUITests/Info.plist;
				LD_RUNPATH_SEARCH_PATHS = "$(inherited) @executable_path/Frameworks @loader_path/Frameworks";
				PRODUCT_BUNDLE_IDENTIFIER = mdtaps.LearnToPrayUITests;
				PRODUCT_NAME = "$(TARGET_NAME)";
				SWIFT_VERSION = 4.0;
				TARGETED_DEVICE_FAMILY = "1,2";
				TEST_TARGET_NAME = LearnToPray;
			};
			name = Debug;
		};
		F43ED61D1FB5719F008E6078 /* Release */ = {
			isa = XCBuildConfiguration;
			buildSettings = {
				ALWAYS_EMBED_SWIFT_STANDARD_LIBRARIES = YES;
				CODE_SIGN_STYLE = Automatic;
				DEVELOPMENT_TEAM = CGABW4X2P7;
				INFOPLIST_FILE = LearnToPrayUITests/Info.plist;
				LD_RUNPATH_SEARCH_PATHS = "$(inherited) @executable_path/Frameworks @loader_path/Frameworks";
				PRODUCT_BUNDLE_IDENTIFIER = mdtaps.LearnToPrayUITests;
				PRODUCT_NAME = "$(TARGET_NAME)";
				SWIFT_VERSION = 4.0;
				TARGETED_DEVICE_FAMILY = "1,2";
				TEST_TARGET_NAME = LearnToPray;
			};
			name = Release;
		};
/* End XCBuildConfiguration section */

/* Begin XCConfigurationList section */
		F43ED5E81FB5719F008E6078 /* Build configuration list for PBXProject "LearnToPray" */ = {
			isa = XCConfigurationList;
			buildConfigurations = (
				F43ED6131FB5719F008E6078 /* Debug */,
				F43ED6141FB5719F008E6078 /* Release */,
			);
			defaultConfigurationIsVisible = 0;
			defaultConfigurationName = Release;
		};
		F43ED6151FB5719F008E6078 /* Build configuration list for PBXNativeTarget "LearnToPray" */ = {
			isa = XCConfigurationList;
			buildConfigurations = (
				F43ED6161FB5719F008E6078 /* Debug */,
				F43ED6171FB5719F008E6078 /* Release */,
			);
			defaultConfigurationIsVisible = 0;
			defaultConfigurationName = Release;
		};
		F43ED6181FB5719F008E6078 /* Build configuration list for PBXNativeTarget "LearnToPrayTests" */ = {
			isa = XCConfigurationList;
			buildConfigurations = (
				F43ED6191FB5719F008E6078 /* Debug */,
				F43ED61A1FB5719F008E6078 /* Release */,
			);
			defaultConfigurationIsVisible = 0;
			defaultConfigurationName = Release;
		};
		F43ED61B1FB5719F008E6078 /* Build configuration list for PBXNativeTarget "LearnToPrayUITests" */ = {
			isa = XCConfigurationList;
			buildConfigurations = (
				F43ED61C1FB5719F008E6078 /* Debug */,
				F43ED61D1FB5719F008E6078 /* Release */,
			);
			defaultConfigurationIsVisible = 0;
			defaultConfigurationName = Release;
		};
/* End XCConfigurationList section */

/* Begin XCVersionGroup section */
		F43ED61E1FB57234008E6078 /* CoreDataModel.xcdatamodeld */ = {
			isa = XCVersionGroup;
			children = (
				F4541223205E153F00A305F5 /* CoreDataModel 2.xcdatamodel */,
				F43ED61F1FB57234008E6078 /* CoreDataModel.xcdatamodel */,
			);
			currentVersion = F4541223205E153F00A305F5 /* CoreDataModel 2.xcdatamodel */;
			path = CoreDataModel.xcdatamodeld;
			sourceTree = "<group>";
			versionGroupType = wrapper.xcdatamodel;
		};
/* End XCVersionGroup section */
	};
	rootObject = F43ED5E51FB5719F008E6078 /* Project object */;
}
